
Microsoft Visual Studio Solution File, Format Version 12.00
# Visual Studio Version 16
VisualStudioVersion = 16.0.32002.261
MinimumVisualStudioVersion = 10.0.40219.1
Project("{FAE04EC0-301F-11D3-BF4B-00C04F79EFBC}") = "FotoDB", "FotoDB.csproj", "{AE42FBC7-46A6-4408-A2D6-FB15B1DBF52A}"
EndProject
Global
	GlobalSection(SolutionConfigurationPlatforms) = preSolution
		Debug|Any CPU = Debug|Any CPU
		Release|Any CPU = Release|Any CPU
	EndGlobalSection
	GlobalSection(ProjectConfigurationPlatforms) = postSolution
		{AE42FBC7-46A6-4408-A2D6-FB15B1DBF52A}.Debug|Any CPU.ActiveCfg = Debug|Any CPU
		{AE42FBC7-46A6-4408-A2D6-FB15B1DBF52A}.Debug|Any CPU.Build.0 = Debug|Any CPU
		{AE42FBC7-46A6-4408-A2D6-FB15B1DBF52A}.Release|Any CPU.ActiveCfg = Release|Any CPU
		{AE42FBC7-46A6-4408-A2D6-FB15B1DBF52A}.Release|Any CPU.Build.0 = Release|Any CPU
	EndGlobalSection
	GlobalSection(SolutionProperties) = preSolution
		HideSolutionNode = FALSE
	EndGlobalSection
	GlobalSection(ExtensibilityGlobals) = postSolution
		SolutionGuid = {B0C1F277-6A14-445F-B5F1-B77D81A518E9}
	EndGlobalSection
EndGlobal
